
Microsoft Visual Studio Solution File, Format Version 12.00
# Visual Studio Version 16
VisualStudioVersion = 16.0.30104.148
MinimumVisualStudioVersion = 10.0.40219.1
Project("{9A19103F-16F7-4668-BE54-9A1E7A4F7556}") = "OData4.LINQPadDriver", "OData4.LINQPadDriver.csproj", "{51331CF9-ADD4-4892-A6EA-A3904AE59AA6}"
EndProject
Global
	GlobalSection(SolutionConfigurationPlatforms) = preSolution
		Debug|Any CPU = Debug|Any CPU
		Release|Any CPU = Release|Any CPU
	EndGlobalSection
	GlobalSection(ProjectConfigurationPlatforms) = postSolution
		{51331CF9-ADD4-4892-A6EA-A3904AE59AA6}.Debug|Any CPU.ActiveCfg = Debug|Any CPU
		{51331CF9-ADD4-4892-A6EA-A3904AE59AA6}.Debug|Any CPU.Build.0 = Debug|Any CPU
		{51331CF9-ADD4-4892-A6EA-A3904AE59AA6}.Release|Any CPU.ActiveCfg = Release|Any CPU
		{51331CF9-ADD4-4892-A6EA-A3904AE59AA6}.Release|Any CPU.Build.0 = Release|Any CPU
	EndGlobalSection
	GlobalSection(SolutionProperties) = preSolution
		HideSolutionNode = FALSE
	EndGlobalSection
	GlobalSection(ExtensibilityGlobals) = postSolution
		SolutionGuid = {8FA63826-2D8C-4A5E-870C-D6793053FCB0}
	EndGlobalSection
EndGlobal
